# This file is automatically @generated by Cargo.
# It is not intended for manual editing.
[[package]]
name = "bitflags"
version = "1.2.1"
source = "registry+https://github.com/rust-lang/crates.io-index"
checksum = "cf1de2fe8c75bc145a2f577add951f8134889b4795d47466a54a5c846d691693"

[[package]]
name = "ctru-rs"
version = "0.7.1"
dependencies = [
 "bitflags",
 "ctru-sys",
 "libc",
 "widestring",
]

[[package]]
name = "ctru-sys"
version = "0.4.0"
dependencies = [
 "libc",
]

[[package]]
name = "libc"
version = "0.2.85"
source = "registry+https://github.com/rust-lang/crates.io-index"
checksum = "7ccac4b00700875e6a07c6cde370d44d32fa01c5a65cdd2fca6858c479d28bb3"

[[package]]
name = "pica-gl-rs"
version = "0.1.0"
dependencies = [
 "ctru-rs",
 "ctru-sys",
 "pica-gl-sys",
]

[[package]]
name = "pica-gl-sys"
version = "0.1.0"
dependencies = [
 "libc",
]

[[package]]
name = "widestring"
version = "0.2.2"
source = "registry+https://github.com/rust-lang/crates.io-index"
checksum = "7157704c2e12e3d2189c507b7482c52820a16dfa4465ba91add92f266667cadb"
